
Microsoft Visual Studio Solution File, Format Version 12.00
# Visual Studio Version 16
VisualStudioVersion = 16.0.32901.82
MinimumVisualStudioVersion = 10.0.40219.1
Project("{FAE04EC0-301F-11D3-BF4B-00C04F79EFBC}") = "card-game", "card-game.csproj", "{C1585E2F-92E3-4BE7-AA4A-38EBBC9CAAC8}"
EndProject
Global
	GlobalSection(SolutionConfigurationPlatforms) = preSolution
		Debug|Any CPU = Debug|Any CPU
		Release|Any CPU = Release|Any CPU
	EndGlobalSection
	GlobalSection(ProjectConfigurationPlatforms) = postSolution
		{C1585E2F-92E3-4BE7-AA4A-38EBBC9CAAC8}.Debug|Any CPU.ActiveCfg = Debug|Any CPU
		{C1585E2F-92E3-4BE7-AA4A-38EBBC9CAAC8}.Debug|Any CPU.Build.0 = Debug|Any CPU
		{C1585E2F-92E3-4BE7-AA4A-38EBBC9CAAC8}.Release|Any CPU.ActiveCfg = Release|Any CPU
		{C1585E2F-92E3-4BE7-AA4A-38EBBC9CAAC8}.Release|Any CPU.Build.0 = Release|Any CPU
	EndGlobalSection
	GlobalSection(SolutionProperties) = preSolution
		HideSolutionNode = FALSE
	EndGlobalSection
	GlobalSection(ExtensibilityGlobals) = postSolution
		SolutionGuid = {F7680B6B-0DB7-4C84-B1D3-611698320171}
	EndGlobalSection
EndGlobal
